// !$*UTF8*$!
{
	archiveVersion = 1;
	classes = {
	};
	objectVersion = 50;
	objects = {

/* Begin PBXBuildFile section */
		280115DA27A5760D004FC26C /* HomeViewController.swift in Sources */ = {isa = PBXBuildFile; fileRef = 280115D927A5760D004FC26C /* HomeViewController.swift */; };
		280115DD27A576F4004FC26C /* HomeTableViewCell.swift in Sources */ = {isa = PBXBuildFile; fileRef = 280115DC27A576F4004FC26C /* HomeTableViewCell.swift */; };
		280115E027A591B0004FC26C /* ChatViewController.swift in Sources */ = {isa = PBXBuildFile; fileRef = 280115DF27A591B0004FC26C /* ChatViewController.swift */; };
		281578B027ABD072000778B5 /* ContainerTabBarViewController.swift in Sources */ = {isa = PBXBuildFile; fileRef = 281578AF27ABD072000778B5 /* ContainerTabBarViewController.swift */; };
		281578B327ABFD9E000778B5 /* GetDataViewController.swift in Sources */ = {isa = PBXBuildFile; fileRef = 281578B227ABFD9E000778B5 /* GetDataViewController.swift */; };
		2855AD3E27A29294001E42A1 /* AppDelegate.swift in Sources */ = {isa = PBXBuildFile; fileRef = 2855AD3D27A29294001E42A1 /* AppDelegate.swift */; };
		2855AD4027A29294001E42A1 /* SceneDelegate.swift in Sources */ = {isa = PBXBuildFile; fileRef = 2855AD3F27A29294001E42A1 /* SceneDelegate.swift */; };
		2855AD4227A29294001E42A1 /* ViewController.swift in Sources */ = {isa = PBXBuildFile; fileRef = 2855AD4127A29294001E42A1 /* ViewController.swift */; };
		2855AD4527A29294001E42A1 /* Main.storyboard in Resources */ = {isa = PBXBuildFile; fileRef = 2855AD4327A29294001E42A1 /* Main.storyboard */; };
		2855AD4727A29295001E42A1 /* Assets.xcassets in Resources */ = {isa = PBXBuildFile; fileRef = 2855AD4627A29295001E42A1 /* Assets.xcassets */; };
		2855AD4A27A29295001E42A1 /* LaunchScreen.storyboard in Resources */ = {isa = PBXBuildFile; fileRef = 2855AD4827A29295001E42A1 /* LaunchScreen.storyboard */; };
		2885BE5E27A6C12000594311 /* TimelineViewController.swift in Sources */ = {isa = PBXBuildFile; fileRef = 2885BE5D27A6C12000594311 /* TimelineViewController.swift */; };
		2885BE6127A6C13000594311 /* TimelineTableViewCell.swift in Sources */ = {isa = PBXBuildFile; fileRef = 2885BE6027A6C13000594311 /* TimelineTableViewCell.swift */; };
		2885BE6427A8111300594311 /* ProductCollectionViewCell.swift in Sources */ = {isa = PBXBuildFile; fileRef = 2885BE6327A8111300594311 /* ProductCollectionViewCell.swift */; };
		2885BE6827A8115A00594311 /* ProductViewController.swift in Sources */ = {isa = PBXBuildFile; fileRef = 2885BE6627A8115A00594311 /* ProductViewController.swift */; };
		2885BE6927A8115A00594311 /* ProductViewController.xib in Resources */ = {isa = PBXBuildFile; fileRef = 2885BE6727A8115A00594311 /* ProductViewController.xib */; };
		2885BE6C27A8411100594311 /* HomeSliderViewController.swift in Sources */ = {isa = PBXBuildFile; fileRef = 2885BE6B27A8411100594311 /* HomeSliderViewController.swift */; };
		2885BE6F27A8412B00594311 /* HomeSliderCollectionViewCell.swift in Sources */ = {isa = PBXBuildFile; fileRef = 2885BE6E27A8412B00594311 /* HomeSliderCollectionViewCell.swift */; };
		2890D86D27AEE82200018878 /* MoviesViewController.swift in Sources */ = {isa = PBXBuildFile; fileRef = 2890D86C27AEE82200018878 /* MoviesViewController.swift */; };
		28A7057727AB32AD00CB5007 /* LoginViewController.swift in Sources */ = {isa = PBXBuildFile; fileRef = 28A7057627AB32AD00CB5007 /* LoginViewController.swift */; };
		28F52C6927A953FE0066720F /* StatusCollectionViewCell.swift in Sources */ = {isa = PBXBuildFile; fileRef = 28F52C6827A953FE0066720F /* StatusCollectionViewCell.swift */; };
		28F52C6C27A954110066720F /* StatusTableViewCell.swift in Sources */ = {isa = PBXBuildFile; fileRef = 28F52C6B27A954110066720F /* StatusTableViewCell.swift */; };
		28F52C6F27A954250066720F /* StatusViewController.swift in Sources */ = {isa = PBXBuildFile; fileRef = 28F52C6E27A954250066720F /* StatusViewController.swift */; };
/* End PBXBuildFile section */

/* Begin PBXFileReference section */
		280115D927A5760D004FC26C /* HomeViewController.swift */ = {isa = PBXFileReference; lastKnownFileType = sourcecode.swift; path = HomeViewController.swift; sourceTree = "<group>"; };
		280115DC27A576F4004FC26C /* HomeTableViewCell.swift */ = {isa = PBXFileReference; lastKnownFileType = sourcecode.swift; path = HomeTableViewCell.swift; sourceTree = "<group>"; };
		280115DF27A591B0004FC26C /* ChatViewController.swift */ = {isa = PBXFileReference; lastKnownFileType = sourcecode.swift; path = ChatViewController.swift; sourceTree = "<group>"; };
		281578AF27ABD072000778B5 /* ContainerTabBarViewController.swift */ = {isa = PBXFileReference; lastKnownFileType = sourcecode.swift; path = ContainerTabBarViewController.swift; sourceTree = "<group>"; };
		281578B227ABFD9E000778B5 /* GetDataViewController.swift */ = {isa = PBXFileReference; lastKnownFileType = sourcecode.swift; path = GetDataViewController.swift; sourceTree = "<group>"; };
		2855AD3A27A29294001E42A1 /* Swift_Proj.app */ = {isa = PBXFileReference; explicitFileType = wrapper.application; includeInIndex = 0; path = Swift_Proj.app; sourceTree = BUILT_PRODUCTS_DIR; };
		2855AD3D27A29294001E42A1 /* AppDelegate.swift */ = {isa = PBXFileReference; lastKnownFileType = sourcecode.swift; path = AppDelegate.swift; sourceTree = "<group>"; };
		2855AD3F27A29294001E42A1 /* SceneDelegate.swift */ = {isa = PBXFileReference; lastKnownFileType = sourcecode.swift; path = SceneDelegate.swift; sourceTree = "<group>"; };
		2855AD4127A29294001E42A1 /* ViewController.swift */ = {isa = PBXFileReference; lastKnownFileType = sourcecode.swift; path = ViewController.swift; sourceTree = "<group>"; };
		2855AD4427A29294001E42A1 /* Base */ = {isa = PBXFileReference; lastKnownFileType = file.storyboard; name = Base; path = Base.lproj/Main.storyboard; sourceTree = "<group>"; };
		2855AD4627A29295001E42A1 /* Assets.xcassets */ = {isa = PBXFileReference; lastKnownFileType = folder.assetcatalog; path = Assets.xcassets; sourceTree = "<group>"; };
		2855AD4927A29295001E42A1 /* Base */ = {isa = PBXFileReference; lastKnownFileType = file.storyboard; name = Base; path = Base.lproj/LaunchScreen.storyboard; sourceTree = "<group>"; };
		2855AD4B27A29295001E42A1 /* Info.plist */ = {isa = PBXFileReference; lastKnownFileType = text.plist.xml; path = Info.plist; sourceTree = "<group>"; };
		2885BE5D27A6C12000594311 /* TimelineViewController.swift */ = {isa = PBXFileReference; lastKnownFileType = sourcecode.swift; path = TimelineViewController.swift; sourceTree = "<group>"; };
		2885BE6027A6C13000594311 /* TimelineTableViewCell.swift */ = {isa = PBXFileReference; lastKnownFileType = sourcecode.swift; path = TimelineTableViewCell.swift; sourceTree = "<group>"; };
		2885BE6327A8111300594311 /* ProductCollectionViewCell.swift */ = {isa = PBXFileReference; lastKnownFileType = sourcecode.swift; path = ProductCollectionViewCell.swift; sourceTree = "<group>"; };
		2885BE6627A8115A00594311 /* ProductViewController.swift */ = {isa = PBXFileReference; lastKnownFileType = sourcecode.swift; path = ProductViewController.swift; sourceTree = "<group>"; };
		2885BE6727A8115A00594311 /* ProductViewController.xib */ = {isa = PBXFileReference; lastKnownFileType = file.xib; path = ProductViewController.xib; sourceTree = "<group>"; };
		2885BE6B27A8411100594311 /* HomeSliderViewController.swift */ = {isa = PBXFileReference; lastKnownFileType = sourcecode.swift; path = HomeSliderViewController.swift; sourceTree = "<group>"; };
		2885BE6E27A8412B00594311 /* HomeSliderCollectionViewCell.swift */ = {isa = PBXFileReference; lastKnownFileType = sourcecode.swift; path = HomeSliderCollectionViewCell.swift; sourceTree = "<group>"; };
		2890D86C27AEE82200018878 /* MoviesViewController.swift */ = {isa = PBXFileReference; lastKnownFileType = sourcecode.swift; path = MoviesViewController.swift; sourceTree = "<group>"; };
		28A7057627AB32AD00CB5007 /* LoginViewController.swift */ = {isa = PBXFileReference; lastKnownFileType = sourcecode.swift; path = LoginViewController.swift; sourceTree = "<group>"; };
		28F52C6827A953FE0066720F /* StatusCollectionViewCell.swift */ = {isa = PBXFileReference; lastKnownFileType = sourcecode.swift; path = StatusCollectionViewCell.swift; sourceTree = "<group>"; };
		28F52C6B27A954110066720F /* StatusTableViewCell.swift */ = {isa = PBXFileReference; lastKnownFileType = sourcecode.swift; path = StatusTableViewCell.swift; sourceTree = "<group>"; };
		28F52C6E27A954250066720F /* StatusViewController.swift */ = {isa = PBXFileReference; lastKnownFileType = sourcecode.swift; path = StatusViewController.swift; sourceTree = "<group>"; };
/* End PBXFileReference section */

/* Begin PBXFrameworksBuildPhase section */
		2855AD3727A29294001E42A1 /* Frameworks */ = {
			isa = PBXFrameworksBuildPhase;
			buildActionMask = 2147483647;
			files = (
			);
			runOnlyForDeploymentPostprocessing = 0;
		};
/* End PBXFrameworksBuildPhase section */

/* Begin PBXGroup section */
		2855AD3127A29294001E42A1 = {
			isa = PBXGroup;
			children = (
				2855AD3C27A29294001E42A1 /* Swift_Proj */,
				2855AD3B27A29294001E42A1 /* Products */,
			);
			sourceTree = "<group>";
		};
		2855AD3B27A29294001E42A1 /* Products */ = {
			isa = PBXGroup;
			children = (
				2855AD3A27A29294001E42A1 /* Swift_Proj.app */,
			);
			name = Products;
			sourceTree = "<group>";
		};
		2855AD3C27A29294001E42A1 /* Swift_Proj */ = {
			isa = PBXGroup;
			children = (
				2855AD3D27A29294001E42A1 /* AppDelegate.swift */,
				2855AD3F27A29294001E42A1 /* SceneDelegate.swift */,
				2855AD4127A29294001E42A1 /* ViewController.swift */,
				2855AD4327A29294001E42A1 /* Main.storyboard */,
				2890D86C27AEE82200018878 /* MoviesViewController.swift */,
				281578B227ABFD9E000778B5 /* GetDataViewController.swift */,
				281578AF27ABD072000778B5 /* ContainerTabBarViewController.swift */,
				28A7057627AB32AD00CB5007 /* LoginViewController.swift */,
				28F52C6827A953FE0066720F /* StatusCollectionViewCell.swift */,
				28F52C6B27A954110066720F /* StatusTableViewCell.swift */,
				28F52C6E27A954250066720F /* StatusViewController.swift */,
				2885BE6B27A8411100594311 /* HomeSliderViewController.swift */,
				2885BE6E27A8412B00594311 /* HomeSliderCollectionViewCell.swift */,
				2885BE6327A8111300594311 /* ProductCollectionViewCell.swift */,
				2885BE6627A8115A00594311 /* ProductViewController.swift */,
				2885BE6727A8115A00594311 /* ProductViewController.xib */,
				2885BE5D27A6C12000594311 /* TimelineViewController.swift */,
				2885BE6027A6C13000594311 /* TimelineTableViewCell.swift */,
				280115DF27A591B0004FC26C /* ChatViewController.swift */,
				280115DC27A576F4004FC26C /* HomeTableViewCell.swift */,
				280115D927A5760D004FC26C /* HomeViewController.swift */,
				2855AD4627A29295001E42A1 /* Assets.xcassets */,
				2855AD4827A29295001E42A1 /* LaunchScreen.storyboard */,
				2855AD4B27A29295001E42A1 /* Info.plist */,
			);
			path = Swift_Proj;
			sourceTree = "<group>";
		};
/* End PBXGroup section */

/* Begin PBXNativeTarget section */
		2855AD3927A29294001E42A1 /* Swift_Proj */ = {
			isa = PBXNativeTarget;
			buildConfigurationList = 2855AD4E27A29295001E42A1 /* Build configuration list for PBXNativeTarget "Swift_Proj" */;
			buildPhases = (
				2855AD3627A29294001E42A1 /* Sources */,
				2855AD3727A29294001E42A1 /* Frameworks */,
				2855AD3827A29294001E42A1 /* Resources */,
			);
			buildRules = (
			);
			dependencies = (
			);
			name = Swift_Proj;
			productName = Swift_Proj;
			productReference = 2855AD3A27A29294001E42A1 /* Swift_Proj.app */;
			productType = "com.apple.product-type.application";
		};
/* End PBXNativeTarget section */

/* Begin PBXProject section */
		2855AD3227A29294001E42A1 /* Project object */ = {
			isa = PBXProject;
			attributes = {
				LastSwiftUpdateCheck = 1240;
				LastUpgradeCheck = 1240;
				TargetAttributes = {
					2855AD3927A29294001E42A1 = {
						CreatedOnToolsVersion = 12.4;
					};
				};
			};
			buildConfigurationList = 2855AD3527A29294001E42A1 /* Build configuration list for PBXProject "Swift_Proj" */;
			compatibilityVersion = "Xcode 9.3";
			developmentRegion = en;
			hasScannedForEncodings = 0;
			knownRegions = (
				en,
				Base,
			);
			mainGroup = 2855AD3127A29294001E42A1;
			productRefGroup = 2855AD3B27A29294001E42A1 /* Products */;
			projectDirPath = "";
			projectRoot = "";
			targets = (
				2855AD3927A29294001E42A1 /* Swift_Proj */,
			);
		};
/* End PBXProject section */

/* Begin PBXResourcesBuildPhase section */
		2855AD3827A29294001E42A1 /* Resources */ = {
			isa = PBXResourcesBuildPhase;
			buildActionMask = 2147483647;
			files = (
				2855AD4A27A29295001E42A1 /* LaunchScreen.storyboard in Resources */,
				2855AD4727A29295001E42A1 /* Assets.xcassets in Resources */,
				2885BE6927A8115A00594311 /* ProductViewController.xib in Resources */,
				2855AD4527A29294001E42A1 /* Main.storyboard in Resources */,
			);
			runOnlyForDeploymentPostprocessing = 0;
		};
/* End PBXResourcesBuildPhase section */

/* Begin PBXSourcesBuildPhase section */
		2855AD3627A29294001E42A1 /* Sources */ = {
			isa = PBXSourcesBuildPhase;
			buildActionMask = 2147483647;
			files = (
				2885BE6127A6C13000594311 /* TimelineTableViewCell.swift in Sources */,
				2855AD4227A29294001E42A1 /* ViewController.swift in Sources */,
				280115DD27A576F4004FC26C /* HomeTableViewCell.swift in Sources */,
				28F52C6C27A954110066720F /* StatusTableViewCell.swift in Sources */,
				28F52C6F27A954250066720F /* StatusViewController.swift in Sources */,
				28F52C6927A953FE0066720F /* StatusCollectionViewCell.swift in Sources */,
				2855AD3E27A29294001E42A1 /* AppDelegate.swift in Sources */,
				2885BE6F27A8412B00594311 /* HomeSliderCollectionViewCell.swift in Sources */,
				2855AD4027A29294001E42A1 /* SceneDelegate.swift in Sources */,
				281578B327ABFD9E000778B5 /* GetDataViewController.swift in Sources */,
				2885BE5E27A6C12000594311 /* TimelineViewController.swift in Sources */,
				280115E027A591B0004FC26C /* ChatViewController.swift in Sources */,
				2885BE6C27A8411100594311 /* HomeSliderViewController.swift in Sources */,
				2890D86D27AEE82200018878 /* MoviesViewController.swift in Sources */,
				28A7057727AB32AD00CB5007 /* LoginViewController.swift in Sources */,
				281578B027ABD072000778B5 /* ContainerTabBarViewController.swift in Sources */,
				2885BE6427A8111300594311 /* ProductCollectionViewCell.swift in Sources */,
				2885BE6827A8115A00594311 /* ProductViewController.swift in Sources */,
				280115DA27A5760D004FC26C /* HomeViewController.swift in Sources */,
			);
			runOnlyForDeploymentPostprocessing = 0;
		};
/* End PBXSourcesBuildPhase section */

/* Begin PBXVariantGroup section */
		2855AD4327A29294001E42A1 /* Main.storyboard */ = {
			isa = PBXVariantGroup;
			children = (
				2855AD4427A29294001E42A1 /* Base */,
			);
			name = Main.storyboard;
			sourceTree = "<group>";
		};
		2855AD4827A29295001E42A1 /* LaunchScreen.storyboard */ = {
			isa = PBXVariantGroup;
			children = (
				2855AD4927A29295001E42A1 /* Base */,
			);
			name = LaunchScreen.storyboard;
			sourceTree = "<group>";
		};
/* End PBXVariantGroup section */

/* Begin XCBuildConfiguration section */
		2855AD4C27A29295001E42A1 /* Debug */ = {
			isa = XCBuildConfiguration;
			buildSettings = {
				ALWAYS_SEARCH_USER_PATHS = NO;
				CLANG_ANALYZER_NONNULL = YES;
				CLANG_ANALYZER_NUMBER_OBJECT_CONVERSION = YES_AGGRESSIVE;
				CLANG_CXX_LANGUAGE_STANDARD = "gnu++14";
				CLANG_CXX_LIBRARY = "libc++";
				CLANG_ENABLE_MODULES = YES;
				CLANG_ENABLE_OBJC_ARC = YES;
				CLANG_ENABLE_OBJC_WEAK = YES;
				CLANG_WARN_BLOCK_CAPTURE_AUTORELEASING = YES;
				CLANG_WARN_BOOL_CONVERSION = YES;
				CLANG_WARN_COMMA = YES;
				CLANG_WARN_CONSTANT_CONVERSION = YES;
				CLANG_WARN_DEPRECATED_OBJC_IMPLEMENTATIONS = YES;
				CLANG_WARN_DIRECT_OBJC_ISA_USAGE = YES_ERROR;
				CLANG_WARN_DOCUMENTATION_COMMENTS = YES;
				CLANG_WARN_EMPTY_BODY = YES;
				CLANG_WARN_ENUM_CONVERSION = YES;
				CLANG_WARN_INFINITE_RECURSION = YES;
				CLANG_WARN_INT_CONVERSION = YES;
				CLANG_WARN_NON_LITERAL_NULL_CONVERSION = YES;
				CLANG_WARN_OBJC_IMPLICIT_RETAIN_SELF = YES;
				CLANG_WARN_OBJC_LITERAL_CONVERSION = YES;
				CLANG_WARN_OBJC_ROOT_CLASS = YES_ERROR;
				CLANG_WARN_QUOTED_INCLUDE_IN_FRAMEWORK_HEADER = YES;
				CLANG_WARN_RANGE_LOOP_ANALYSIS = YES;
				CLANG_WARN_STRICT_PROTOTYPES = YES;
				CLANG_WARN_SUSPICIOUS_MOVE = YES;
				CLANG_WARN_UNGUARDED_AVAILABILITY = YES_AGGRESSIVE;
				CLANG_WARN_UNREACHABLE_CODE = YES;
				CLANG_WARN__DUPLICATE_METHOD_MATCH = YES;
				COPY_PHASE_STRIP = NO;
				DEBUG_INFORMATION_FORMAT = dwarf;
				ENABLE_STRICT_OBJC_MSGSEND = YES;
				ENABLE_TESTABILITY = YES;
				GCC_C_LANGUAGE_STANDARD = gnu11;
				GCC_DYNAMIC_NO_PIC = NO;
				GCC_NO_COMMON_BLOCKS = YES;
				GCC_OPTIMIZATION_LEVEL = 0;
				GCC_PREPROCESSOR_DEFINITIONS = (
					"DEBUG=1",
					"$(inherited)",
				);
				GCC_WARN_64_TO_32_BIT_CONVERSION = YES;
				GCC_WARN_ABOUT_RETURN_TYPE = YES_ERROR;
				GCC_WARN_UNDECLARED_SELECTOR = YES;
				GCC_WARN_UNINITIALIZED_AUTOS = YES_AGGRESSIVE;
				GCC_WARN_UNUSED_FUNCTION = YES;
				GCC_WARN_UNUSED_VARIABLE = YES;
				IPHONEOS_DEPLOYMENT_TARGET = 14.4;
				MTL_ENABLE_DEBUG_INFO = INCLUDE_SOURCE;
				MTL_FAST_MATH = YES;
				ONLY_ACTIVE_ARCH = YES;
				SDKROOT = iphoneos;
				SWIFT_ACTIVE_COMPILATION_CONDITIONS = DEBUG;
				SWIFT_OPTIMIZATION_LEVEL = "-Onone";
			};
			name = Debug;
		};
		2855AD4D27A29295001E42A1 /* Release */ = {
			isa = XCBuildConfiguration;
			buildSettings = {
				ALWAYS_SEARCH_USER_PATHS = NO;
				CLANG_ANALYZER_NONNULL = YES;
				CLANG_ANALYZER_NUMBER_OBJECT_CONVERSION = YES_AGGRESSIVE;
				CLANG_CXX_LANGUAGE_STANDARD = "gnu++14";
				CLANG_CXX_LIBRARY = "libc++";
				CLANG_ENABLE_MODULES = YES;
				CLANG_ENABLE_OBJC_ARC = YES;
				CLANG_ENABLE_OBJC_WEAK = YES;
				CLANG_WARN_BLOCK_CAPTURE_AUTORELEASING = YES;
				CLANG_WARN_BOOL_CONVERSION = YES;
				CLANG_WARN_COMMA = YES;
				CLANG_WARN_CONSTANT_CONVERSION = YES;
				CLANG_WARN_DEPRECATED_OBJC_IMPLEMENTATIONS = YES;
				CLANG_WARN_DIRECT_OBJC_ISA_USAGE = YES_ERROR;
				CLANG_WARN_DOCUMENTATION_COMMENTS = YES;
				CLANG_WARN_EMPTY_BODY = YES;
				CLANG_WARN_ENUM_CONVERSION = YES;
				CLANG_WARN_INFINITE_RECURSION = YES;
				CLANG_WARN_INT_CONVERSION = YES;
				CLANG_WARN_NON_LITERAL_NULL_CONVERSION = YES;
				CLANG_WARN_OBJC_IMPLICIT_RETAIN_SELF = YES;
				CLANG_WARN_OBJC_LITERAL_CONVERSION = YES;
				CLANG_WARN_OBJC_ROOT_CLASS = YES_ERROR;
				CLANG_WARN_QUOTED_INCLUDE_IN_FRAMEWORK_HEADER = YES;
				CLANG_WARN_RANGE_LOOP_ANALYSIS = YES;
				CLANG_WARN_STRICT_PROTOTYPES = YES;
				CLANG_WARN_SUSPICIOUS_MOVE = YES;
				CLANG_WARN_UNGUARDED_AVAILABILITY = YES_AGGRESSIVE;
				CLANG_WARN_UNREACHABLE_CODE = YES;
				CLANG_WARN__DUPLICATE_METHOD_MATCH = YES;
				COPY_PHASE_STRIP = NO;
				DEBUG_INFORMATION_FORMAT = "dwarf-with-dsym";
				ENABLE_NS_ASSERTIONS = NO;
				ENABLE_STRICT_OBJC_MSGSEND = YES;
				GCC_C_LANGUAGE_STANDARD = gnu11;
				GCC_NO_COMMON_BLOCKS = YES;
				GCC_WARN_64_TO_32_BIT_CONVERSION = YES;
				GCC_WARN_ABOUT_RETURN_TYPE = YES_ERROR;
				GCC_WARN_UNDECLARED_SELECTOR = YES;
				GCC_WARN_UNINITIALIZED_AUTOS = YES_AGGRESSIVE;
				GCC_WARN_UNUSED_FUNCTION = YES;
				GCC_WARN_UNUSED_VARIABLE = YES;
				IPHONEOS_DEPLOYMENT_TARGET = 14.4;
				MTL_ENABLE_DEBUG_INFO = NO;
				MTL_FAST_MATH = YES;
				SDKROOT = iphoneos;
				SWIFT_COMPILATION_MODE = wholemodule;
				SWIFT_OPTIMIZATION_LEVEL = "-O";
				VALIDATE_PRODUCT = YES;
			};
			name = Release;
		};
		2855AD4F27A29295001E42A1 /* Debug */ = {
			isa = XCBuildConfiguration;
			buildSettings = {
				ASSETCATALOG_COMPILER_APPICON_NAME = AppIcon;
				ASSETCATALOG_COMPILER_GLOBAL_ACCENT_COLOR_NAME = AccentColor;
				CODE_SIGN_STYLE = Automatic;
				INFOPLIST_FILE = Swift_Proj/Info.plist;
				LD_RUNPATH_SEARCH_PATHS = (
					"$(inherited)",
					"@executable_path/Frameworks",
				);
				PRODUCT_BUNDLE_IDENTIFIER = "com.eslam.Swift-Proj";
				PRODUCT_NAME = "$(TARGET_NAME)";
				SWIFT_VERSION = 5.0;
				TARGETED_DEVICE_FAMILY = "1,2";
			};
			name = Debug;
		};
		2855AD5027A29295001E42A1 /* Release */ = {
			isa = XCBuildConfiguration;
			buildSettings = {
				ASSETCATALOG_COMPILER_APPICON_NAME = AppIcon;
				ASSETCATALOG_COMPILER_GLOBAL_ACCENT_COLOR_NAME = AccentColor;
				CODE_SIGN_STYLE = Automatic;
				INFOPLIST_FILE = Swift_Proj/Info.plist;
				LD_RUNPATH_SEARCH_PATHS = (
					"$(inherited)",
					"@executable_path/Frameworks",
				);
				PRODUCT_BUNDLE_IDENTIFIER = "com.eslam.Swift-Proj";
				PRODUCT_NAME = "$(TARGET_NAME)";
				SWIFT_VERSION = 5.0;
				TARGETED_DEVICE_FAMILY = "1,2";
			};
			name = Release;
		};
/* End XCBuildConfiguration section */

/* Begin XCConfigurationList section */
		2855AD3527A29294001E42A1 /* Build configuration list for PBXProject "Swift_Proj" */ = {
			isa = XCConfigurationList;
			buildConfigurations = (
				2855AD4C27A29295001E42A1 /* Debug */,
				2855AD4D27A29295001E42A1 /* Release */,
			);
			defaultConfigurationIsVisible = 0;
			defaultConfigurationName = Release;
		};
		2855AD4E27A29295001E42A1 /* Build configuration list for PBXNativeTarget "Swift_Proj" */ = {
			isa = XCConfigurationList;
			buildConfigurations = (
				2855AD4F27A29295001E42A1 /* Debug */,
				2855AD5027A29295001E42A1 /* Release */,
			);
			defaultConfigurationIsVisible = 0;
			defaultConfigurationName = Release;
		};
/* End XCConfigurationList section */
	};
	rootObject = 2855AD3227A29294001E42A1 /* Project object */;
}
